
Microsoft Visual Studio Solution File, Format Version 12.00
# Visual Studio 15
VisualStudioVersion = 15.0.28010.2036
MinimumVisualStudioVersion = 10.0.40219.1
Project("{FAE04EC0-301F-11D3-BF4B-00C04F79EFBC}") = "JakesApp", "JakesApp\JakesApp.csproj", "{6A5A80C9-A5A1-4325-A83D-8BD2C7ABD399}"
EndProject
Global
	GlobalSection(SolutionConfigurationPlatforms) = preSolution
		Debug|Any CPU = Debug|Any CPU
		Release|Any CPU = Release|Any CPU
	EndGlobalSection
	GlobalSection(ProjectConfigurationPlatforms) = postSolution
		{6A5A80C9-A5A1-4325-A83D-8BD2C7ABD399}.Debug|Any CPU.ActiveCfg = Debug|Any CPU
		{6A5A80C9-A5A1-4325-A83D-8BD2C7ABD399}.Debug|Any CPU.Build.0 = Debug|Any CPU
		{6A5A80C9-A5A1-4325-A83D-8BD2C7ABD399}.Release|Any CPU.ActiveCfg = Release|Any CPU
		{6A5A80C9-A5A1-4325-A83D-8BD2C7ABD399}.Release|Any CPU.Build.0 = Release|Any CPU
	EndGlobalSection
	GlobalSection(SolutionProperties) = preSolution
		HideSolutionNode = FALSE
	EndGlobalSection
	GlobalSection(ExtensibilityGlobals) = postSolution
		SolutionGuid = {98DB27F9-4C55-44D6-901B-E0FE06F86965}
	EndGlobalSection
EndGlobal
